
Microsoft Visual Studio Solution File, Format Version 12.00
# Visual Studio Version 17
VisualStudioVersion = 17.2.32526.322
MinimumVisualStudioVersion = 10.0.40219.1
Project("{FAE04EC0-301F-11D3-BF4B-00C04F79EFBC}") = "ExceptionHandling", "ExceptionHandling\ExceptionHandling.csproj", "{93F1D4D6-38D8-4218-B555-90B38CE1B782}"
EndProject
Global
	GlobalSection(SolutionConfigurationPlatforms) = preSolution
		Debug|Any CPU = Debug|Any CPU
		Release|Any CPU = Release|Any CPU
	EndGlobalSection
	GlobalSection(ProjectConfigurationPlatforms) = postSolution
		{93F1D4D6-38D8-4218-B555-90B38CE1B782}.Debug|Any CPU.ActiveCfg = Debug|Any CPU
		{93F1D4D6-38D8-4218-B555-90B38CE1B782}.Debug|Any CPU.Build.0 = Debug|Any CPU
		{93F1D4D6-38D8-4218-B555-90B38CE1B782}.Release|Any CPU.ActiveCfg = Release|Any CPU
		{93F1D4D6-38D8-4218-B555-90B38CE1B782}.Release|Any CPU.Build.0 = Release|Any CPU
	EndGlobalSection
	GlobalSection(SolutionProperties) = preSolution
		HideSolutionNode = FALSE
	EndGlobalSection
	GlobalSection(ExtensibilityGlobals) = postSolution
		SolutionGuid = {1111635E-23E3-435A-8F38-77338021EDAE}
	EndGlobalSection
EndGlobal
